// !$*UTF8*$!
{
	archiveVersion = 1;
	classes = {
	};
	objectVersion = 50;
	objects = {

/* Begin PBXBuildFile section */
		5712152526F8CA3500C84A0A /* CustomNavigationView.swift in Sources */ = {isa = PBXBuildFile; fileRef = 5712152426F8CA3500C84A0A /* CustomNavigationView.swift */; };
		5712152A26F8CC5900C84A0A /* Metropolis-Medium.otf in Resources */ = {isa = PBXBuildFile; fileRef = 5712152726F8CC5900C84A0A /* Metropolis-Medium.otf */; };
		5712152B26F8CC5900C84A0A /* Metropolis-Light.otf in Resources */ = {isa = PBXBuildFile; fileRef = 5712152826F8CC5900C84A0A /* Metropolis-Light.otf */; };
		5712152C26F8CC5900C84A0A /* Metropolis-Regular.otf in Resources */ = {isa = PBXBuildFile; fileRef = 5712152926F8CC5900C84A0A /* Metropolis-Regular.otf */; };
		5712152E26F8CCB200C84A0A /* Fonts.swift in Sources */ = {isa = PBXBuildFile; fileRef = 5712152D26F8CCB200C84A0A /* Fonts.swift */; };
		5712153026F8D81A00C84A0A /* Metropolis-SemiBold.otf in Resources */ = {isa = PBXBuildFile; fileRef = 5712152F26F8D81A00C84A0A /* Metropolis-SemiBold.otf */; };
		57B0FBAD26F8C5740005EE0F /* WirstShopAppApp.swift in Sources */ = {isa = PBXBuildFile; fileRef = 57B0FBAC26F8C5740005EE0F /* WirstShopAppApp.swift */; };
		57B0FBAF26F8C5740005EE0F /* MainView.swift in Sources */ = {isa = PBXBuildFile; fileRef = 57B0FBAE26F8C5740005EE0F /* MainView.swift */; };
		57B0FBB126F8C5750005EE0F /* Assets.xcassets in Resources */ = {isa = PBXBuildFile; fileRef = 57B0FBB026F8C5750005EE0F /* Assets.xcassets */; };
		57B0FBB426F8C5750005EE0F /* Preview Assets.xcassets in Resources */ = {isa = PBXBuildFile; fileRef = 57B0FBB326F8C5750005EE0F /* Preview Assets.xcassets */; };
		57D8D8E626F94FE800F77852 /* WatchCollectionListItem.swift in Sources */ = {isa = PBXBuildFile; fileRef = 57D8D8E526F94FE800F77852 /* WatchCollectionListItem.swift */; };
		57D8D8E826F952BD00F77852 /* WatchListItem.swift in Sources */ = {isa = PBXBuildFile; fileRef = 57D8D8E726F952BD00F77852 /* WatchListItem.swift */; };
		57D8D8EB26F9575F00F77852 /* WatchDetailView.swift in Sources */ = {isa = PBXBuildFile; fileRef = 57D8D8EA26F9575F00F77852 /* WatchDetailView.swift */; };
/* End PBXBuildFile section */

/* Begin PBXFileReference section */
		5712152426F8CA3500C84A0A /* CustomNavigationView.swift */ = {isa = PBXFileReference; lastKnownFileType = sourcecode.swift; path = CustomNavigationView.swift; sourceTree = "<group>"; };
		5712152726F8CC5900C84A0A /* Metropolis-Medium.otf */ = {isa = PBXFileReference; lastKnownFileType = file; name = "Metropolis-Medium.otf"; path = "../../../../../Downloads/Metropolis/Metropolis-Medium.otf"; sourceTree = "<group>"; };
		5712152826F8CC5900C84A0A /* Metropolis-Light.otf */ = {isa = PBXFileReference; lastKnownFileType = file; name = "Metropolis-Light.otf"; path = "../../../../../Downloads/Metropolis/Metropolis-Light.otf"; sourceTree = "<group>"; };
		5712152926F8CC5900C84A0A /* Metropolis-Regular.otf */ = {isa = PBXFileReference; lastKnownFileType = file; name = "Metropolis-Regular.otf"; path = "../../../../../Downloads/Metropolis/Metropolis-Regular.otf"; sourceTree = "<group>"; };
		5712152D26F8CCB200C84A0A /* Fonts.swift */ = {isa = PBXFileReference; lastKnownFileType = sourcecode.swift; path = Fonts.swift; sourceTree = "<group>"; };
		5712152F26F8D81A00C84A0A /* Metropolis-SemiBold.otf */ = {isa = PBXFileReference; lastKnownFileType = file; name = "Metropolis-SemiBold.otf"; path = "../../../../../Downloads/Metropolis/Metropolis-SemiBold.otf"; sourceTree = "<group>"; };
		57B0FBA926F8C5740005EE0F /* WirstShopApp.app */ = {isa = PBXFileReference; explicitFileType = wrapper.application; includeInIndex = 0; path = WirstShopApp.app; sourceTree = BUILT_PRODUCTS_DIR; };
		57B0FBAC26F8C5740005EE0F /* WirstShopAppApp.swift */ = {isa = PBXFileReference; lastKnownFileType = sourcecode.swift; path = WirstShopAppApp.swift; sourceTree = "<group>"; };
		57B0FBAE26F8C5740005EE0F /* MainView.swift */ = {isa = PBXFileReference; lastKnownFileType = sourcecode.swift; path = MainView.swift; sourceTree = "<group>"; };
		57B0FBB026F8C5750005EE0F /* Assets.xcassets */ = {isa = PBXFileReference; lastKnownFileType = folder.assetcatalog; path = Assets.xcassets; sourceTree = "<group>"; };
		57B0FBB326F8C5750005EE0F /* Preview Assets.xcassets */ = {isa = PBXFileReference; lastKnownFileType = folder.assetcatalog; path = "Preview Assets.xcassets"; sourceTree = "<group>"; };
		57B0FBB526F8C5750005EE0F /* Info.plist */ = {isa = PBXFileReference; lastKnownFileType = text.plist.xml; path = Info.plist; sourceTree = "<group>"; };
		57D8D8E526F94FE800F77852 /* WatchCollectionListItem.swift */ = {isa = PBXFileReference; lastKnownFileType = sourcecode.swift; path = WatchCollectionListItem.swift; sourceTree = "<group>"; };
		57D8D8E726F952BD00F77852 /* WatchListItem.swift */ = {isa = PBXFileReference; lastKnownFileType = sourcecode.swift; path = WatchListItem.swift; sourceTree = "<group>"; };
		57D8D8EA26F9575F00F77852 /* WatchDetailView.swift */ = {isa = PBXFileReference; lastKnownFileType = sourcecode.swift; path = WatchDetailView.swift; sourceTree = "<group>"; };
/* End PBXFileReference section */

/* Begin PBXFrameworksBuildPhase section */
		57B0FBA626F8C5740005EE0F /* Frameworks */ = {
			isa = PBXFrameworksBuildPhase;
			buildActionMask = 2147483647;
			files = (
			);
			runOnlyForDeploymentPostprocessing = 0;
		};
/* End PBXFrameworksBuildPhase section */

/* Begin PBXGroup section */
		5712152026F8C9F700C84A0A /* Main */ = {
			isa = PBXGroup;
			children = (
				57D8D8E426F94FD800F77852 /* Views */,
			);
			path = Main;
			sourceTree = "<group>";
		};
		5712152126F8CA0000C84A0A /* Features */ = {
			isa = PBXGroup;
			children = (
				57D8D8E926F9575500F77852 /* WatchDetailView */,
				5712152226F8CA1600C84A0A /* Common */,
				5712152026F8C9F700C84A0A /* Main */,
			);
			path = Features;
			sourceTree = "<group>";
		};
		5712152226F8CA1600C84A0A /* Common */ = {
			isa = PBXGroup;
			children = (
				5712152326F8CA2400C84A0A /* Views */,
			);
			path = Common;
			sourceTree = "<group>";
		};
		5712152326F8CA2400C84A0A /* Views */ = {
			isa = PBXGroup;
			children = (
				5712152426F8CA3500C84A0A /* CustomNavigationView.swift */,
			);
			path = Views;
			sourceTree = "<group>";
		};
		5712152626F8CBA200C84A0A /* Fonts */ = {
			isa = PBXGroup;
			children = (
				5712152826F8CC5900C84A0A /* Metropolis-Light.otf */,
				5712152F26F8D81A00C84A0A /* Metropolis-SemiBold.otf */,
				5712152726F8CC5900C84A0A /* Metropolis-Medium.otf */,
				5712152926F8CC5900C84A0A /* Metropolis-Regular.otf */,
				5712152D26F8CCB200C84A0A /* Fonts.swift */,
			);
			path = Fonts;
			sourceTree = "<group>";
		};
		57B0FBA026F8C5740005EE0F = {
			isa = PBXGroup;
			children = (
				57B0FBAB26F8C5740005EE0F /* WirstShopApp */,
				57B0FBAA26F8C5740005EE0F /* Products */,
			);
			sourceTree = "<group>";
		};
		57B0FBAA26F8C5740005EE0F /* Products */ = {
			isa = PBXGroup;
			children = (
				57B0FBA926F8C5740005EE0F /* WirstShopApp.app */,
			);
			name = Products;
			sourceTree = "<group>";
		};
		57B0FBAB26F8C5740005EE0F /* WirstShopApp */ = {
			isa = PBXGroup;
			children = (
				5712152626F8CBA200C84A0A /* Fonts */,
				5712152126F8CA0000C84A0A /* Features */,
				57B0FBAC26F8C5740005EE0F /* WirstShopAppApp.swift */,
				57B0FBB026F8C5750005EE0F /* Assets.xcassets */,
				57B0FBB526F8C5750005EE0F /* Info.plist */,
				57B0FBB226F8C5750005EE0F /* Preview Content */,
			);
			path = WirstShopApp;
			sourceTree = "<group>";
		};
		57B0FBB226F8C5750005EE0F /* Preview Content */ = {
			isa = PBXGroup;
			children = (
				57B0FBB326F8C5750005EE0F /* Preview Assets.xcassets */,
			);
			path = "Preview Content";
			sourceTree = "<group>";
		};
		57D8D8E426F94FD800F77852 /* Views */ = {
			isa = PBXGroup;
			children = (
				57B0FBAE26F8C5740005EE0F /* MainView.swift */,
				57D8D8E526F94FE800F77852 /* WatchCollectionListItem.swift */,
				57D8D8E726F952BD00F77852 /* WatchListItem.swift */,
			);
			path = Views;
			sourceTree = "<group>";
		};
		57D8D8E926F9575500F77852 /* WatchDetailView */ = {
			isa = PBXGroup;
			children = (
				57D8D8EA26F9575F00F77852 /* WatchDetailView.swift */,
			);
			path = WatchDetailView;
			sourceTree = "<group>";
		};
/* End PBXGroup section */

/* Begin PBXNativeTarget section */
		57B0FBA826F8C5740005EE0F /* WirstShopApp */ = {
			isa = PBXNativeTarget;
			buildConfigurationList = 57B0FBB826F8C5750005EE0F /* Build configuration list for PBXNativeTarget "WirstShopApp" */;
			buildPhases = (
				57B0FBA526F8C5740005EE0F /* Sources */,
				57B0FBA626F8C5740005EE0F /* Frameworks */,
				57B0FBA726F8C5740005EE0F /* Resources */,
			);
			buildRules = (
			);
			dependencies = (
			);
			name = WirstShopApp;
			productName = WirstShopApp;
			productReference = 57B0FBA926F8C5740005EE0F /* WirstShopApp.app */;
			productType = "com.apple.product-type.application";
		};
/* End PBXNativeTarget section */

/* Begin PBXProject section */
		57B0FBA126F8C5740005EE0F /* Project object */ = {
			isa = PBXProject;
			attributes = {
				LastSwiftUpdateCheck = 1250;
				LastUpgradeCheck = 1250;
				TargetAttributes = {
					57B0FBA826F8C5740005EE0F = {
						CreatedOnToolsVersion = 12.5.1;
					};
				};
			};
			buildConfigurationList = 57B0FBA426F8C5740005EE0F /* Build configuration list for PBXProject "WirstShopApp" */;
			compatibilityVersion = "Xcode 9.3";
			developmentRegion = en;
			hasScannedForEncodings = 0;
			knownRegions = (
				en,
				Base,
			);
			mainGroup = 57B0FBA026F8C5740005EE0F;
			productRefGroup = 57B0FBAA26F8C5740005EE0F /* Products */;
			projectDirPath = "";
			projectRoot = "";
			targets = (
				57B0FBA826F8C5740005EE0F /* WirstShopApp */,
			);
		};
/* End PBXProject section */

/* Begin PBXResourcesBuildPhase section */
		57B0FBA726F8C5740005EE0F /* Resources */ = {
			isa = PBXResourcesBuildPhase;
			buildActionMask = 2147483647;
			files = (
				5712152C26F8CC5900C84A0A /* Metropolis-Regular.otf in Resources */,
				57B0FBB426F8C5750005EE0F /* Preview Assets.xcassets in Resources */,
				5712152A26F8CC5900C84A0A /* Metropolis-Medium.otf in Resources */,
				5712152B26F8CC5900C84A0A /* Metropolis-Light.otf in Resources */,
				5712153026F8D81A00C84A0A /* Metropolis-SemiBold.otf in Resources */,
				57B0FBB126F8C5750005EE0F /* Assets.xcassets in Resources */,
			);
			runOnlyForDeploymentPostprocessing = 0;
		};
/* End PBXResourcesBuildPhase section */

/* Begin PBXSourcesBuildPhase section */
		57B0FBA526F8C5740005EE0F /* Sources */ = {
			isa = PBXSourcesBuildPhase;
			buildActionMask = 2147483647;
			files = (
				57D8D8E626F94FE800F77852 /* WatchCollectionListItem.swift in Sources */,
				5712152E26F8CCB200C84A0A /* Fonts.swift in Sources */,
				5712152526F8CA3500C84A0A /* CustomNavigationView.swift in Sources */,
				57B0FBAF26F8C5740005EE0F /* MainView.swift in Sources */,
				57D8D8E826F952BD00F77852 /* WatchListItem.swift in Sources */,
				57D8D8EB26F9575F00F77852 /* WatchDetailView.swift in Sources */,
				57B0FBAD26F8C5740005EE0F /* WirstShopAppApp.swift in Sources */,
			);
			runOnlyForDeploymentPostprocessing = 0;
		};
/* End PBXSourcesBuildPhase section */

/* Begin XCBuildConfiguration section */
		57B0FBB626F8C5750005EE0F /* Debug */ = {
			isa = XCBuildConfiguration;
			buildSettings = {
				ALWAYS_SEARCH_USER_PATHS = NO;
				CLANG_ANALYZER_NONNULL = YES;
				CLANG_ANALYZER_NUMBER_OBJECT_CONVERSION = YES_AGGRESSIVE;
				CLANG_CXX_LANGUAGE_STANDARD = "gnu++14";
				CLANG_CXX_LIBRARY = "libc++";
				CLANG_ENABLE_MODULES = YES;
				CLANG_ENABLE_OBJC_ARC = YES;
				CLANG_ENABLE_OBJC_WEAK = YES;
				CLANG_WARN_BLOCK_CAPTURE_AUTORELEASING = YES;
				CLANG_WARN_BOOL_CONVERSION = YES;
				CLANG_WARN_COMMA = YES;
				CLANG_WARN_CONSTANT_CONVERSION = YES;
				CLANG_WARN_DEPRECATED_OBJC_IMPLEMENTATIONS = YES;
				CLANG_WARN_DIRECT_OBJC_ISA_USAGE = YES_ERROR;
				CLANG_WARN_DOCUMENTATION_COMMENTS = YES;
				CLANG_WARN_EMPTY_BODY = YES;
				CLANG_WARN_ENUM_CONVERSION = YES;
				CLANG_WARN_INFINITE_RECURSION = YES;
				CLANG_WARN_INT_CONVERSION = YES;
				CLANG_WARN_NON_LITERAL_NULL_CONVERSION = YES;
				CLANG_WARN_OBJC_IMPLICIT_RETAIN_SELF = YES;
				CLANG_WARN_OBJC_LITERAL_CONVERSION = YES;
				CLANG_WARN_OBJC_ROOT_CLASS = YES_ERROR;
				CLANG_WARN_QUOTED_INCLUDE_IN_FRAMEWORK_HEADER = YES;
				CLANG_WARN_RANGE_LOOP_ANALYSIS = YES;
				CLANG_WARN_STRICT_PROTOTYPES = YES;
				CLANG_WARN_SUSPICIOUS_MOVE = YES;
				CLANG_WARN_UNGUARDED_AVAILABILITY = YES_AGGRESSIVE;
				CLANG_WARN_UNREACHABLE_CODE = YES;
				CLANG_WARN__DUPLICATE_METHOD_MATCH = YES;
				COPY_PHASE_STRIP = NO;
				DEBUG_INFORMATION_FORMAT = dwarf;
				ENABLE_STRICT_OBJC_MSGSEND = YES;
				ENABLE_TESTABILITY = YES;
				GCC_C_LANGUAGE_STANDARD = gnu11;
				GCC_DYNAMIC_NO_PIC = NO;
				GCC_NO_COMMON_BLOCKS = YES;
				GCC_OPTIMIZATION_LEVEL = 0;
				GCC_PREPROCESSOR_DEFINITIONS = (
					"DEBUG=1",
					"$(inherited)",
				);
				GCC_WARN_64_TO_32_BIT_CONVERSION = YES;
				GCC_WARN_ABOUT_RETURN_TYPE = YES_ERROR;
				GCC_WARN_UNDECLARED_SELECTOR = YES;
				GCC_WARN_UNINITIALIZED_AUTOS = YES_AGGRESSIVE;
				GCC_WARN_UNUSED_FUNCTION = YES;
				GCC_WARN_UNUSED_VARIABLE = YES;
				IPHONEOS_DEPLOYMENT_TARGET = 14.5;
				MTL_ENABLE_DEBUG_INFO = INCLUDE_SOURCE;
				MTL_FAST_MATH = YES;
				ONLY_ACTIVE_ARCH = YES;
				SDKROOT = iphoneos;
				SWIFT_ACTIVE_COMPILATION_CONDITIONS = DEBUG;
				SWIFT_OPTIMIZATION_LEVEL = "-Onone";
			};
			name = Debug;
		};
		57B0FBB726F8C5750005EE0F /* Release */ = {
			isa = XCBuildConfiguration;
			buildSettings = {
				ALWAYS_SEARCH_USER_PATHS = NO;
				CLANG_ANALYZER_NONNULL = YES;
				CLANG_ANALYZER_NUMBER_OBJECT_CONVERSION = YES_AGGRESSIVE;
				CLANG_CXX_LANGUAGE_STANDARD = "gnu++14";
				CLANG_CXX_LIBRARY = "libc++";
				CLANG_ENABLE_MODULES = YES;
				CLANG_ENABLE_OBJC_ARC = YES;
				CLANG_ENABLE_OBJC_WEAK = YES;
				CLANG_WARN_BLOCK_CAPTURE_AUTORELEASING = YES;
				CLANG_WARN_BOOL_CONVERSION = YES;
				CLANG_WARN_COMMA = YES;
				CLANG_WARN_CONSTANT_CONVERSION = YES;
				CLANG_WARN_DEPRECATED_OBJC_IMPLEMENTATIONS = YES;
				CLANG_WARN_DIRECT_OBJC_ISA_USAGE = YES_ERROR;
				CLANG_WARN_DOCUMENTATION_COMMENTS = YES;
				CLANG_WARN_EMPTY_BODY = YES;
				CLANG_WARN_ENUM_CONVERSION = YES;
				CLANG_WARN_INFINITE_RECURSION = YES;
				CLANG_WARN_INT_CONVERSION = YES;
				CLANG_WARN_NON_LITERAL_NULL_CONVERSION = YES;
				CLANG_WARN_OBJC_IMPLICIT_RETAIN_SELF = YES;
				CLANG_WARN_OBJC_LITERAL_CONVERSION = YES;
				CLANG_WARN_OBJC_ROOT_CLASS = YES_ERROR;
				CLANG_WARN_QUOTED_INCLUDE_IN_FRAMEWORK_HEADER = YES;
				CLANG_WARN_RANGE_LOOP_ANALYSIS = YES;
				CLANG_WARN_STRICT_PROTOTYPES = YES;
				CLANG_WARN_SUSPICIOUS_MOVE = YES;
				CLANG_WARN_UNGUARDED_AVAILABILITY = YES_AGGRESSIVE;
				CLANG_WARN_UNREACHABLE_CODE = YES;
				CLANG_WARN__DUPLICATE_METHOD_MATCH = YES;
				COPY_PHASE_STRIP = NO;
				DEBUG_INFORMATION_FORMAT = "dwarf-with-dsym";
				ENABLE_NS_ASSERTIONS = NO;
				ENABLE_STRICT_OBJC_MSGSEND = YES;
				GCC_C_LANGUAGE_STANDARD = gnu11;
				GCC_NO_COMMON_BLOCKS = YES;
				GCC_WARN_64_TO_32_BIT_CONVERSION = YES;
				GCC_WARN_ABOUT_RETURN_TYPE = YES_ERROR;
				GCC_WARN_UNDECLARED_SELECTOR = YES;
				GCC_WARN_UNINITIALIZED_AUTOS = YES_AGGRESSIVE;
				GCC_WARN_UNUSED_FUNCTION = YES;
				GCC_WARN_UNUSED_VARIABLE = YES;
				IPHONEOS_DEPLOYMENT_TARGET = 14.5;
				MTL_ENABLE_DEBUG_INFO = NO;
				MTL_FAST_MATH = YES;
				SDKROOT = iphoneos;
				SWIFT_COMPILATION_MODE = wholemodule;
				SWIFT_OPTIMIZATION_LEVEL = "-O";
				VALIDATE_PRODUCT = YES;
			};
			name = Release;
		};
		57B0FBB926F8C5750005EE0F /* Debug */ = {
			isa = XCBuildConfiguration;
			buildSettings = {
				ASSETCATALOG_COMPILER_APPICON_NAME = AppIcon;
				ASSETCATALOG_COMPILER_GLOBAL_ACCENT_COLOR_NAME = AccentColor;
				CODE_SIGN_STYLE = Automatic;
				DEVELOPMENT_ASSET_PATHS = "\"WirstShopApp/Preview Content\"";
				ENABLE_PREVIEWS = YES;
				INFOPLIST_FILE = WirstShopApp/Info.plist;
				IPHONEOS_DEPLOYMENT_TARGET = 14.0;
				LD_RUNPATH_SEARCH_PATHS = (
					"$(inherited)",
					"@executable_path/Frameworks",
				);
				PRODUCT_BUNDLE_IDENTIFIER = com.rlmg.WirstShopApp;
				PRODUCT_NAME = "$(TARGET_NAME)";
				SWIFT_VERSION = 5.0;
				TARGETED_DEVICE_FAMILY = "1,2";
			};
			name = Debug;
		};
		57B0FBBA26F8C5750005EE0F /* Release */ = {
			isa = XCBuildConfiguration;
			buildSettings = {
				ASSETCATALOG_COMPILER_APPICON_NAME = AppIcon;
				ASSETCATALOG_COMPILER_GLOBAL_ACCENT_COLOR_NAME = AccentColor;
				CODE_SIGN_STYLE = Automatic;
				DEVELOPMENT_ASSET_PATHS = "\"WirstShopApp/Preview Content\"";
				ENABLE_PREVIEWS = YES;
				INFOPLIST_FILE = WirstShopApp/Info.plist;
				IPHONEOS_DEPLOYMENT_TARGET = 14.0;
				LD_RUNPATH_SEARCH_PATHS = (
					"$(inherited)",
					"@executable_path/Frameworks",
				);
				PRODUCT_BUNDLE_IDENTIFIER = com.rlmg.WirstShopApp;
				PRODUCT_NAME = "$(TARGET_NAME)";
				SWIFT_VERSION = 5.0;
				TARGETED_DEVICE_FAMILY = "1,2";
			};
			name = Release;
		};
/* End XCBuildConfiguration section */

/* Begin XCConfigurationList section */
		57B0FBA426F8C5740005EE0F /* Build configuration list for PBXProject "WirstShopApp" */ = {
			isa = XCConfigurationList;
			buildConfigurations = (
				57B0FBB626F8C5750005EE0F /* Debug */,
				57B0FBB726F8C5750005EE0F /* Release */,
			);
			defaultConfigurationIsVisible = 0;
			defaultConfigurationName = Release;
		};
		57B0FBB826F8C5750005EE0F /* Build configuration list for PBXNativeTarget "WirstShopApp" */ = {
			isa = XCConfigurationList;
			buildConfigurations = (
				57B0FBB926F8C5750005EE0F /* Debug */,
				57B0FBBA26F8C5750005EE0F /* Release */,
			);
			defaultConfigurationIsVisible = 0;
			defaultConfigurationName = Release;
		};
/* End XCConfigurationList section */
	};
	rootObject = 57B0FBA126F8C5740005EE0F /* Project object */;
}
